
Microsoft Visual Studio Solution File, Format Version 12.00
# Visual Studio Version 16
VisualStudioVersion = 16.0.30011.22
MinimumVisualStudioVersion = 10.0.40219.1
Project("{FAE04EC0-301F-11D3-BF4B-00C04F79EFBC}") = "CourseWork_att_1", "CourseWork_att_1\CourseWork_att_1.csproj", "{C8DED37A-F057-498B-8F41-2137F46948DA}"
EndProject
Global
	GlobalSection(SolutionConfigurationPlatforms) = preSolution
		Debug|Any CPU = Debug|Any CPU
		Release|Any CPU = Release|Any CPU
	EndGlobalSection
	GlobalSection(ProjectConfigurationPlatforms) = postSolution
		{C8DED37A-F057-498B-8F41-2137F46948DA}.Debug|Any CPU.ActiveCfg = Debug|Any CPU
		{C8DED37A-F057-498B-8F41-2137F46948DA}.Debug|Any CPU.Build.0 = Debug|Any CPU
		{C8DED37A-F057-498B-8F41-2137F46948DA}.Release|Any CPU.ActiveCfg = Release|Any CPU
		{C8DED37A-F057-498B-8F41-2137F46948DA}.Release|Any CPU.Build.0 = Release|Any CPU
	EndGlobalSection
	GlobalSection(SolutionProperties) = preSolution
		HideSolutionNode = FALSE
	EndGlobalSection
	GlobalSection(ExtensibilityGlobals) = postSolution
		SolutionGuid = {C2708C30-CD0C-470A-85A4-99F7BFCA57D7}
	EndGlobalSection
EndGlobal
